
Microsoft Visual Studio Solution File, Format Version 12.00
# Visual Studio Version 16
VisualStudioVersion = 16.0.810.10
MinimumVisualStudioVersion = 10.0.40219.1
Project("{FAE04EC0-301F-11D3-BF4B-00C04F79EFBC}") = "YearCursWork", "YearCursWork.csproj", "{345E637E-137C-4297-BE67-F6DA9A244214}"
EndProject
Global
	GlobalSection(SolutionConfigurationPlatforms) = preSolution
		Debug|Any CPU = Debug|Any CPU
		Release|Any CPU = Release|Any CPU
	EndGlobalSection
	GlobalSection(ProjectConfigurationPlatforms) = postSolution
		{345E637E-137C-4297-BE67-F6DA9A244214}.Debug|Any CPU.ActiveCfg = Debug|Any CPU
		{345E637E-137C-4297-BE67-F6DA9A244214}.Debug|Any CPU.Build.0 = Debug|Any CPU
		{345E637E-137C-4297-BE67-F6DA9A244214}.Release|Any CPU.ActiveCfg = Release|Any CPU
		{345E637E-137C-4297-BE67-F6DA9A244214}.Release|Any CPU.Build.0 = Release|Any CPU
	EndGlobalSection
	GlobalSection(SolutionProperties) = preSolution
		HideSolutionNode = FALSE
	EndGlobalSection
	GlobalSection(ExtensibilityGlobals) = postSolution
		SolutionGuid = {63C6815C-D776-4B5B-867D-9CA5B9F20C3C}
	EndGlobalSection
EndGlobal
